
Microsoft Visual Studio Solution File, Format Version 12.00
# Visual Studio Version 17
VisualStudioVersion = 17.8.34309.116
MinimumVisualStudioVersion = 10.0.40219.1
Project("{9A19103F-16F7-4668-BE54-9A1E7A4F7556}") = "EmlExtractor", "EmlExtractor.csproj", "{2CFBE42D-66D9-4542-9971-71C209A61DD2}"
EndProject
Global
	GlobalSection(SolutionConfigurationPlatforms) = preSolution
		Debug|Any CPU = Debug|Any CPU
		Release|Any CPU = Release|Any CPU
	EndGlobalSection
	GlobalSection(ProjectConfigurationPlatforms) = postSolution
		{2CFBE42D-66D9-4542-9971-71C209A61DD2}.Debug|Any CPU.ActiveCfg = Debug|Any CPU
		{2CFBE42D-66D9-4542-9971-71C209A61DD2}.Debug|Any CPU.Build.0 = Debug|Any CPU
		{2CFBE42D-66D9-4542-9971-71C209A61DD2}.Release|Any CPU.ActiveCfg = Release|Any CPU
		{2CFBE42D-66D9-4542-9971-71C209A61DD2}.Release|Any CPU.Build.0 = Release|Any CPU
	EndGlobalSection
	GlobalSection(SolutionProperties) = preSolution
		HideSolutionNode = FALSE
	EndGlobalSection
	GlobalSection(ExtensibilityGlobals) = postSolution
		SolutionGuid = {D48E530C-0F1F-4D72-9DE5-C0FA41650551}
	EndGlobalSection
EndGlobal
